
Microsoft Visual Studio Solution File, Format Version 12.00
# Visual Studio Version 17
VisualStudioVersion = 17.6.33829.357
MinimumVisualStudioVersion = 10.0.40219.1
Project("{FAE04EC0-301F-11D3-BF4B-00C04F79EFBC}") = "ShoppingCart.Web", "ShoppingCart.Web\ShoppingCart.Web.csproj", "{B5021C58-ACC2-41B6-ACD5-B274D896D9E5}"
EndProject
Project("{FAE04EC0-301F-11D3-BF4B-00C04F79EFBC}") = "ShoppingCart.Models", "ShoppingCart.Models\ShoppingCart.Models.csproj", "{2888447D-B5A4-4598-8B33-1E569DEB707B}"
EndProject
Project("{FAE04EC0-301F-11D3-BF4B-00C04F79EFBC}") = "ShoppingCart.Data", "ShoppingCart.Data\ShoppingCart.Data.csproj", "{E10931A1-0775-46A1-AA3B-32F6EBAB494E}"
EndProject
Project("{FAE04EC0-301F-11D3-BF4B-00C04F79EFBC}") = "ShoppingCart.Utility", "ShoppingCart.Utility\ShoppingCart.Utility.csproj", "{C37EB5DA-7B29-4EEF-A300-E9974764D6CC}"
EndProject
Global
	GlobalSection(SolutionConfigurationPlatforms) = preSolution
		Debug|Any CPU = Debug|Any CPU
		Release|Any CPU = Release|Any CPU
	EndGlobalSection
	GlobalSection(ProjectConfigurationPlatforms) = postSolution
		{B5021C58-ACC2-41B6-ACD5-B274D896D9E5}.Debug|Any CPU.ActiveCfg = Debug|Any CPU
		{B5021C58-ACC2-41B6-ACD5-B274D896D9E5}.Debug|Any CPU.Build.0 = Debug|Any CPU
		{B5021C58-ACC2-41B6-ACD5-B274D896D9E5}.Release|Any CPU.ActiveCfg = Release|Any CPU
		{B5021C58-ACC2-41B6-ACD5-B274D896D9E5}.Release|Any CPU.Build.0 = Release|Any CPU
		{2888447D-B5A4-4598-8B33-1E569DEB707B}.Debug|Any CPU.ActiveCfg = Debug|Any CPU
		{2888447D-B5A4-4598-8B33-1E569DEB707B}.Debug|Any CPU.Build.0 = Debug|Any CPU
		{2888447D-B5A4-4598-8B33-1E569DEB707B}.Release|Any CPU.ActiveCfg = Release|Any CPU
		{2888447D-B5A4-4598-8B33-1E569DEB707B}.Release|Any CPU.Build.0 = Release|Any CPU
		{E10931A1-0775-46A1-AA3B-32F6EBAB494E}.Debug|Any CPU.ActiveCfg = Debug|Any CPU
		{E10931A1-0775-46A1-AA3B-32F6EBAB494E}.Debug|Any CPU.Build.0 = Debug|Any CPU
		{E10931A1-0775-46A1-AA3B-32F6EBAB494E}.Release|Any CPU.ActiveCfg = Release|Any CPU
		{E10931A1-0775-46A1-AA3B-32F6EBAB494E}.Release|Any CPU.Build.0 = Release|Any CPU
		{C37EB5DA-7B29-4EEF-A300-E9974764D6CC}.Debug|Any CPU.ActiveCfg = Debug|Any CPU
		{C37EB5DA-7B29-4EEF-A300-E9974764D6CC}.Debug|Any CPU.Build.0 = Debug|Any CPU
		{C37EB5DA-7B29-4EEF-A300-E9974764D6CC}.Release|Any CPU.ActiveCfg = Release|Any CPU
		{C37EB5DA-7B29-4EEF-A300-E9974764D6CC}.Release|Any CPU.Build.0 = Release|Any CPU
	EndGlobalSection
	GlobalSection(SolutionProperties) = preSolution
		HideSolutionNode = FALSE
	EndGlobalSection
	GlobalSection(ExtensibilityGlobals) = postSolution
		SolutionGuid = {102D6997-7E17-40B5-A40F-D1D3B3FC385D}
	EndGlobalSection
EndGlobal
